
Microsoft Visual Studio Solution File, Format Version 12.00
# Visual Studio Version 16
VisualStudioVersion = 16.0.29519.87
MinimumVisualStudioVersion = 10.0.40219.1
Project("{FAE04EC0-301F-11D3-BF4B-00C04F79EFBC}") = "ThreadDemo", "ThreadDemo\ThreadDemo.csproj", "{DB4A96C1-B07D-436C-837F-40E4BD9E2E41}"
EndProject
Global
	GlobalSection(SolutionConfigurationPlatforms) = preSolution
		Debug|Any CPU = Debug|Any CPU
		Release|Any CPU = Release|Any CPU
	EndGlobalSection
	GlobalSection(ProjectConfigurationPlatforms) = postSolution
		{DB4A96C1-B07D-436C-837F-40E4BD9E2E41}.Debug|Any CPU.ActiveCfg = Debug|Any CPU
		{DB4A96C1-B07D-436C-837F-40E4BD9E2E41}.Debug|Any CPU.Build.0 = Debug|Any CPU
		{DB4A96C1-B07D-436C-837F-40E4BD9E2E41}.Release|Any CPU.ActiveCfg = Release|Any CPU
		{DB4A96C1-B07D-436C-837F-40E4BD9E2E41}.Release|Any CPU.Build.0 = Release|Any CPU
	EndGlobalSection
	GlobalSection(SolutionProperties) = preSolution
		HideSolutionNode = FALSE
	EndGlobalSection
	GlobalSection(ExtensibilityGlobals) = postSolution
		SolutionGuid = {32CE535A-74DD-45FA-B42C-040C151C91B7}
	EndGlobalSection
EndGlobal
