
Microsoft Visual Studio Solution File, Format Version 12.00
# Visual Studio 15
VisualStudioVersion = 15.0.28307.168
MinimumVisualStudioVersion = 10.0.40219.1
Project("{FAE04EC0-301F-11D3-BF4B-00C04F79EFBC}") = "ReflactionDemo", "ReflactionDemo\ReflactionDemo.csproj", "{E1299787-44B8-42D5-824D-104094FFCA24}"
EndProject
Project("{FAE04EC0-301F-11D3-BF4B-00C04F79EFBC}") = "ICL", "ICL\ICL.csproj", "{FEA4DA16-9B1D-4BA8-AAAA-EE7402860313}"
EndProject
Project("{FAE04EC0-301F-11D3-BF4B-00C04F79EFBC}") = "CalDLL", "CalDLL\CalDLL.csproj", "{C3ADC439-A147-4633-9504-21C0FC3E111E}"
EndProject
Global
	GlobalSection(SolutionConfigurationPlatforms) = preSolution
		Debug|Any CPU = Debug|Any CPU
		Release|Any CPU = Release|Any CPU
	EndGlobalSection
	GlobalSection(ProjectConfigurationPlatforms) = postSolution
		{E1299787-44B8-42D5-824D-104094FFCA24}.Debug|Any CPU.ActiveCfg = Debug|Any CPU
		{E1299787-44B8-42D5-824D-104094FFCA24}.Debug|Any CPU.Build.0 = Debug|Any CPU
		{E1299787-44B8-42D5-824D-104094FFCA24}.Release|Any CPU.ActiveCfg = Release|Any CPU
		{E1299787-44B8-42D5-824D-104094FFCA24}.Release|Any CPU.Build.0 = Release|Any CPU
		{FEA4DA16-9B1D-4BA8-AAAA-EE7402860313}.Debug|Any CPU.ActiveCfg = Debug|Any CPU
		{FEA4DA16-9B1D-4BA8-AAAA-EE7402860313}.Debug|Any CPU.Build.0 = Debug|Any CPU
		{FEA4DA16-9B1D-4BA8-AAAA-EE7402860313}.Release|Any CPU.ActiveCfg = Release|Any CPU
		{FEA4DA16-9B1D-4BA8-AAAA-EE7402860313}.Release|Any CPU.Build.0 = Release|Any CPU
		{C3ADC439-A147-4633-9504-21C0FC3E111E}.Debug|Any CPU.ActiveCfg = Debug|Any CPU
		{C3ADC439-A147-4633-9504-21C0FC3E111E}.Debug|Any CPU.Build.0 = Debug|Any CPU
		{C3ADC439-A147-4633-9504-21C0FC3E111E}.Release|Any CPU.ActiveCfg = Release|Any CPU
		{C3ADC439-A147-4633-9504-21C0FC3E111E}.Release|Any CPU.Build.0 = Release|Any CPU
	EndGlobalSection
	GlobalSection(SolutionProperties) = preSolution
		HideSolutionNode = FALSE
	EndGlobalSection
	GlobalSection(ExtensibilityGlobals) = postSolution
		SolutionGuid = {CBF9BBAE-65DC-44D9-88CF-4454E74DE0CD}
	EndGlobalSection
EndGlobal
